// !$*UTF8*$!
{
	archiveVersion = 1;
	classes = {
	};
	objectVersion = 60;
	objects = {

/* Begin PBXBuildFile section */
		DF18A4802A9D6ADB005064DB /* NetworkError.swift in Sources */ = {isa = PBXBuildFile; fileRef = DF18A47F2A9D6ADB005064DB /* NetworkError.swift */; };
		DF18A4822A9D6D3F005064DB /* AFError+NetworkError.swift in Sources */ = {isa = PBXBuildFile; fileRef = DF18A4812A9D6D3F005064DB /* AFError+NetworkError.swift */; };
		DF18A4842A9D6E80005064DB /* Endpoint.swift in Sources */ = {isa = PBXBuildFile; fileRef = DF18A4832A9D6E80005064DB /* Endpoint.swift */; };
		DF18A4872A9E43B6005064DB /* Pulse in Frameworks */ = {isa = PBXBuildFile; productRef = DF18A4862A9E43B6005064DB /* Pulse */; };
		DF18A4892A9E43B6005064DB /* PulseUI in Frameworks */ = {isa = PBXBuildFile; productRef = DF18A4882A9E43B6005064DB /* PulseUI */; };
		DF18A48B2A9E4546005064DB /* Session+Extensions.swift in Sources */ = {isa = PBXBuildFile; fileRef = DF18A48A2A9E4546005064DB /* Session+Extensions.swift */; };
		DF18A48E2A9E461C005064DB /* PulseUIView.swift in Sources */ = {isa = PBXBuildFile; fileRef = DF18A48D2A9E461C005064DB /* PulseUIView.swift */; };
		DF3817BC2AC4EC3700D3153F /* PreviewContainer.swift in Sources */ = {isa = PBXBuildFile; fileRef = DF3817BB2AC4EC3700D3153F /* PreviewContainer.swift */; };
		DF3817C42AC6331B00D3153F /* Nuke in Frameworks */ = {isa = PBXBuildFile; productRef = DF3817C32AC6331B00D3153F /* Nuke */; };
		DF3817C62AC6331B00D3153F /* NukeExtensions in Frameworks */ = {isa = PBXBuildFile; productRef = DF3817C52AC6331B00D3153F /* NukeExtensions */; };
		DF3817C82AC6331B00D3153F /* NukeUI in Frameworks */ = {isa = PBXBuildFile; productRef = DF3817C72AC6331B00D3153F /* NukeUI */; };
		DF3817CA2AC6331B00D3153F /* NukeVideo in Frameworks */ = {isa = PBXBuildFile; productRef = DF3817C92AC6331B00D3153F /* NukeVideo */; };
		DF56F00C2B42301B00F48BEF /* LandmarkAnnotation.swift in Sources */ = {isa = PBXBuildFile; fileRef = DF56F00B2B42301B00F48BEF /* LandmarkAnnotation.swift */; };
		DF607A912B37688000812393 /* TabBarReselectHandler.swift in Sources */ = {isa = PBXBuildFile; fileRef = DF607A902B37688000812393 /* TabBarReselectHandler.swift */; };
		DF607A932B376D1A00812393 /* PhotoDetailsViewController.swift in Sources */ = {isa = PBXBuildFile; fileRef = DF607A922B376D1A00812393 /* PhotoDetailsViewController.swift */; };
		DF607A952B376D2700812393 /* PhotoDetailsViewModel.swift in Sources */ = {isa = PBXBuildFile; fileRef = DF607A942B376D2700812393 /* PhotoDetailsViewModel.swift */; };
		DF69D5AB2B221A8F004A59E4 /* PhotosEndpoint.swift in Sources */ = {isa = PBXBuildFile; fileRef = DF69D5AA2B221A8F004A59E4 /* PhotosEndpoint.swift */; };
		DF69D5AD2B221F3D004A59E4 /* PhotosService.swift in Sources */ = {isa = PBXBuildFile; fileRef = DF69D5AC2B221F3D004A59E4 /* PhotosService.swift */; };
		DF69D5B02B222019004A59E4 /* Photo.swift in Sources */ = {isa = PBXBuildFile; fileRef = DF69D5AF2B222019004A59E4 /* Photo.swift */; };
		DF69D5B22B22255E004A59E4 /* NothingDecodable.swift in Sources */ = {isa = PBXBuildFile; fileRef = DF69D5B12B22255E004A59E4 /* NothingDecodable.swift */; };
		DF69D5B42B23E9ED004A59E4 /* Logger+Extensions.swift in Sources */ = {isa = PBXBuildFile; fileRef = DF69D5B32B23E9ED004A59E4 /* Logger+Extensions.swift */; };
		DF69D5BB2B252605004A59E4 /* HelperCoders in Frameworks */ = {isa = PBXBuildFile; productRef = DF69D5BA2B252605004A59E4 /* HelperCoders */; };
		DF69D5BD2B252605004A59E4 /* MetaCodable in Frameworks */ = {isa = PBXBuildFile; productRef = DF69D5BC2B252605004A59E4 /* MetaCodable */; };
		DF69D5BF2B253D6B004A59E4 /* JSONDecoder+Extensions.swift in Sources */ = {isa = PBXBuildFile; fileRef = DF69D5BE2B253D6B004A59E4 /* JSONDecoder+Extensions.swift */; };
		DF7E4B7C2ACA35B700EF29A5 /* UIFont+Extensions.swift in Sources */ = {isa = PBXBuildFile; fileRef = DF7E4B7B2ACA35B700EF29A5 /* UIFont+Extensions.swift */; };
		DF7E4B7E2ACA35C000EF29A5 /* UIButton+Extensions.swift in Sources */ = {isa = PBXBuildFile; fileRef = DF7E4B7D2ACA35C000EF29A5 /* UIButton+Extensions.swift */; };
		DF7F1EB92B26472800319980 /* UIColor+Extensions.swift in Sources */ = {isa = PBXBuildFile; fileRef = DF7F1EB82B26472800319980 /* UIColor+Extensions.swift */; };
		DF7F1EBB2B264B3A00319980 /* HomeViewModel.swift in Sources */ = {isa = PBXBuildFile; fileRef = DF7F1EBA2B264B3A00319980 /* HomeViewModel.swift */; };
		DF7F1EBD2B26515800319980 /* Task+Extensions.swift in Sources */ = {isa = PBXBuildFile; fileRef = DF7F1EBC2B26515800319980 /* Task+Extensions.swift */; };
		DF7F1EC12B29060C00319980 /* PagingState.swift in Sources */ = {isa = PBXBuildFile; fileRef = DF7F1EC02B29060C00319980 /* PagingState.swift */; };
		DF8FC4012AB7B7A8007AF9A5 /* PhotoCardCell.swift in Sources */ = {isa = PBXBuildFile; fileRef = DF8FC4002AB7B7A8007AF9A5 /* PhotoCardCell.swift */; };
		DFAAFC792A9417830041D986 /* AppDelegate.swift in Sources */ = {isa = PBXBuildFile; fileRef = DFAAFC782A9417830041D986 /* AppDelegate.swift */; };
		DFAAFC7B2A9417830041D986 /* SceneDelegate.swift in Sources */ = {isa = PBXBuildFile; fileRef = DFAAFC7A2A9417830041D986 /* SceneDelegate.swift */; };
		DFAAFC7D2A9417830041D986 /* TabBarViewController.swift in Sources */ = {isa = PBXBuildFile; fileRef = DFAAFC7C2A9417830041D986 /* TabBarViewController.swift */; };
		DFAAFC832A9417830041D986 /* SwiftyGallery.xcdatamodeld in Sources */ = {isa = PBXBuildFile; fileRef = DFAAFC812A9417830041D986 /* SwiftyGallery.xcdatamodeld */; };
		DFAAFC852A9417850041D986 /* Assets.xcassets in Resources */ = {isa = PBXBuildFile; fileRef = DFAAFC842A9417850041D986 /* Assets.xcassets */; };
		DFAAFC882A9417850041D986 /* LaunchScreen.storyboard in Resources */ = {isa = PBXBuildFile; fileRef = DFAAFC862A9417850041D986 /* LaunchScreen.storyboard */; };
		DFAAFC912A941CC30041D986 /* Alamofire in Frameworks */ = {isa = PBXBuildFile; productRef = DFAAFC902A941CC30041D986 /* Alamofire */; };
		DFAAFC982A942A7C0041D986 /* HomeViewController.swift in Sources */ = {isa = PBXBuildFile; fileRef = DFAAFC972A942A7C0041D986 /* HomeViewController.swift */; };
		DFAAFC9A2A942A980041D986 /* FavoritesViewController.swift in Sources */ = {isa = PBXBuildFile; fileRef = DFAAFC992A942A980041D986 /* FavoritesViewController.swift */; };
		DFAAFCA02A942BAE0041D986 /* String+Extensions.swift in Sources */ = {isa = PBXBuildFile; fileRef = DFAAFC9F2A942BAE0041D986 /* String+Extensions.swift */; };
		DFAAFCA22A942C8E0041D986 /* NSMutableAttributedStrings+Extensions.swift in Sources */ = {isa = PBXBuildFile; fileRef = DFAAFCA12A942C8E0041D986 /* NSMutableAttributedStrings+Extensions.swift */; };
		DFBC0F702B2C08D9006018DD /* SnapKit in Frameworks */ = {isa = PBXBuildFile; productRef = DFBC0F6F2B2C08D9006018DD /* SnapKit */; };
		DFC499532B1ABDC0009F2947 /* CustomIntensityVisualEffectView.swift in Sources */ = {isa = PBXBuildFile; fileRef = DFC499522B1ABDC0009F2947 /* CustomIntensityVisualEffectView.swift */; };
		DFC499552B1AC50C009F2947 /* UIWindow+Extensions.swift in Sources */ = {isa = PBXBuildFile; fileRef = DFC499542B1AC50C009F2947 /* UIWindow+Extensions.swift */; };
		DFC499572B1AC524009F2947 /* UIScreen+Extensions.swift in Sources */ = {isa = PBXBuildFile; fileRef = DFC499562B1AC524009F2947 /* UIScreen+Extensions.swift */; };
		DFCC2EB42B3DF24500332CF1 /* ZoomableImageView.swift in Sources */ = {isa = PBXBuildFile; fileRef = DFCC2EB32B3DF24500332CF1 /* ZoomableImageView.swift */; };
		DFCC2EB72B3DF4D600332CF1 /* ImagePreviewViewController.swift in Sources */ = {isa = PBXBuildFile; fileRef = DFCC2EB62B3DF4D600332CF1 /* ImagePreviewViewController.swift */; };
		DFCD20D92B41FE540096B523 /* Array+Extensions.swift in Sources */ = {isa = PBXBuildFile; fileRef = DFCD20D82B41FE540096B523 /* Array+Extensions.swift */; };
		DFCD20DB2B420DF80096B523 /* SingleLineDetailView.swift in Sources */ = {isa = PBXBuildFile; fileRef = DFCD20DA2B420DF80096B523 /* SingleLineDetailView.swift */; };
		DFCD20DD2B421A720096B523 /* UIStackView+Extensions.swift in Sources */ = {isa = PBXBuildFile; fileRef = DFCD20DC2B421A720096B523 /* UIStackView+Extensions.swift */; };
/* End PBXBuildFile section */

/* Begin PBXCopyFilesBuildPhase section */
		DF69D5A32B1EC7E6004A59E4 /* Embed Frameworks */ = {
			isa = PBXCopyFilesBuildPhase;
			buildActionMask = 2147483647;
			dstPath = "";
			dstSubfolderSpec = 10;
			files = (
			);
			name = "Embed Frameworks";
			runOnlyForDeploymentPostprocessing = 0;
		};
/* End PBXCopyFilesBuildPhase section */

/* Begin PBXFileReference section */
		DF18A47F2A9D6ADB005064DB /* NetworkError.swift */ = {isa = PBXFileReference; lastKnownFileType = sourcecode.swift; path = NetworkError.swift; sourceTree = "<group>"; };
		DF18A4812A9D6D3F005064DB /* AFError+NetworkError.swift */ = {isa = PBXFileReference; lastKnownFileType = sourcecode.swift; path = "AFError+NetworkError.swift"; sourceTree = "<group>"; };
		DF18A4832A9D6E80005064DB /* Endpoint.swift */ = {isa = PBXFileReference; lastKnownFileType = sourcecode.swift; path = Endpoint.swift; sourceTree = "<group>"; };
		DF18A48A2A9E4546005064DB /* Session+Extensions.swift */ = {isa = PBXFileReference; lastKnownFileType = sourcecode.swift; path = "Session+Extensions.swift"; sourceTree = "<group>"; };
		DF18A48D2A9E461C005064DB /* PulseUIView.swift */ = {isa = PBXFileReference; lastKnownFileType = sourcecode.swift; path = PulseUIView.swift; sourceTree = "<group>"; };
		DF3817BB2AC4EC3700D3153F /* PreviewContainer.swift */ = {isa = PBXFileReference; lastKnownFileType = sourcecode.swift; path = PreviewContainer.swift; sourceTree = "<group>"; };
		DF56F00B2B42301B00F48BEF /* LandmarkAnnotation.swift */ = {isa = PBXFileReference; lastKnownFileType = sourcecode.swift; path = LandmarkAnnotation.swift; sourceTree = "<group>"; };
		DF607A902B37688000812393 /* TabBarReselectHandler.swift */ = {isa = PBXFileReference; lastKnownFileType = sourcecode.swift; path = TabBarReselectHandler.swift; sourceTree = "<group>"; };
		DF607A922B376D1A00812393 /* PhotoDetailsViewController.swift */ = {isa = PBXFileReference; lastKnownFileType = sourcecode.swift; path = PhotoDetailsViewController.swift; sourceTree = "<group>"; };
		DF607A942B376D2700812393 /* PhotoDetailsViewModel.swift */ = {isa = PBXFileReference; lastKnownFileType = sourcecode.swift; path = PhotoDetailsViewModel.swift; sourceTree = "<group>"; };
		DF69D5AA2B221A8F004A59E4 /* PhotosEndpoint.swift */ = {isa = PBXFileReference; lastKnownFileType = sourcecode.swift; path = PhotosEndpoint.swift; sourceTree = "<group>"; };
		DF69D5AC2B221F3D004A59E4 /* PhotosService.swift */ = {isa = PBXFileReference; lastKnownFileType = sourcecode.swift; path = PhotosService.swift; sourceTree = "<group>"; };
		DF69D5AF2B222019004A59E4 /* Photo.swift */ = {isa = PBXFileReference; lastKnownFileType = sourcecode.swift; path = Photo.swift; sourceTree = "<group>"; };
		DF69D5B12B22255E004A59E4 /* NothingDecodable.swift */ = {isa = PBXFileReference; lastKnownFileType = sourcecode.swift; path = NothingDecodable.swift; sourceTree = "<group>"; };
		DF69D5B32B23E9ED004A59E4 /* Logger+Extensions.swift */ = {isa = PBXFileReference; lastKnownFileType = sourcecode.swift; path = "Logger+Extensions.swift"; sourceTree = "<group>"; };
		DF69D5BE2B253D6B004A59E4 /* JSONDecoder+Extensions.swift */ = {isa = PBXFileReference; fileEncoding = 4; lastKnownFileType = sourcecode.swift; path = "JSONDecoder+Extensions.swift"; sourceTree = "<group>"; };
		DF7E4B7B2ACA35B700EF29A5 /* UIFont+Extensions.swift */ = {isa = PBXFileReference; lastKnownFileType = sourcecode.swift; path = "UIFont+Extensions.swift"; sourceTree = "<group>"; };
		DF7E4B7D2ACA35C000EF29A5 /* UIButton+Extensions.swift */ = {isa = PBXFileReference; lastKnownFileType = sourcecode.swift; path = "UIButton+Extensions.swift"; sourceTree = "<group>"; };
		DF7F1EB82B26472800319980 /* UIColor+Extensions.swift */ = {isa = PBXFileReference; lastKnownFileType = sourcecode.swift; path = "UIColor+Extensions.swift"; sourceTree = "<group>"; };
		DF7F1EBA2B264B3A00319980 /* HomeViewModel.swift */ = {isa = PBXFileReference; lastKnownFileType = sourcecode.swift; path = HomeViewModel.swift; sourceTree = "<group>"; };
		DF7F1EBC2B26515800319980 /* Task+Extensions.swift */ = {isa = PBXFileReference; lastKnownFileType = sourcecode.swift; path = "Task+Extensions.swift"; sourceTree = "<group>"; };
		DF7F1EC02B29060C00319980 /* PagingState.swift */ = {isa = PBXFileReference; lastKnownFileType = sourcecode.swift; path = PagingState.swift; sourceTree = "<group>"; };
		DF8FC4002AB7B7A8007AF9A5 /* PhotoCardCell.swift */ = {isa = PBXFileReference; lastKnownFileType = sourcecode.swift; path = PhotoCardCell.swift; sourceTree = "<group>"; };
		DFAAFC752A9417830041D986 /* SwiftyGallery.app */ = {isa = PBXFileReference; explicitFileType = wrapper.application; includeInIndex = 0; path = SwiftyGallery.app; sourceTree = BUILT_PRODUCTS_DIR; };
		DFAAFC782A9417830041D986 /* AppDelegate.swift */ = {isa = PBXFileReference; lastKnownFileType = sourcecode.swift; path = AppDelegate.swift; sourceTree = "<group>"; };
		DFAAFC7A2A9417830041D986 /* SceneDelegate.swift */ = {isa = PBXFileReference; lastKnownFileType = sourcecode.swift; path = SceneDelegate.swift; sourceTree = "<group>"; };
		DFAAFC7C2A9417830041D986 /* TabBarViewController.swift */ = {isa = PBXFileReference; lastKnownFileType = sourcecode.swift; path = TabBarViewController.swift; sourceTree = "<group>"; };
		DFAAFC822A9417830041D986 /* SwiftyGallery.xcdatamodel */ = {isa = PBXFileReference; lastKnownFileType = wrapper.xcdatamodel; path = SwiftyGallery.xcdatamodel; sourceTree = "<group>"; };
		DFAAFC842A9417850041D986 /* Assets.xcassets */ = {isa = PBXFileReference; lastKnownFileType = folder.assetcatalog; path = Assets.xcassets; sourceTree = "<group>"; };
		DFAAFC872A9417850041D986 /* Base */ = {isa = PBXFileReference; lastKnownFileType = file.storyboard; name = Base; path = Base.lproj/LaunchScreen.storyboard; sourceTree = "<group>"; };
		DFAAFC892A9417850041D986 /* Info.plist */ = {isa = PBXFileReference; lastKnownFileType = text.plist.xml; path = Info.plist; sourceTree = "<group>"; };
		DFAAFC972A942A7C0041D986 /* HomeViewController.swift */ = {isa = PBXFileReference; lastKnownFileType = sourcecode.swift; path = HomeViewController.swift; sourceTree = "<group>"; };
		DFAAFC992A942A980041D986 /* FavoritesViewController.swift */ = {isa = PBXFileReference; lastKnownFileType = sourcecode.swift; path = FavoritesViewController.swift; sourceTree = "<group>"; };
		DFAAFC9F2A942BAE0041D986 /* String+Extensions.swift */ = {isa = PBXFileReference; lastKnownFileType = sourcecode.swift; path = "String+Extensions.swift"; sourceTree = "<group>"; };
		DFAAFCA12A942C8E0041D986 /* NSMutableAttributedStrings+Extensions.swift */ = {isa = PBXFileReference; lastKnownFileType = sourcecode.swift; path = "NSMutableAttributedStrings+Extensions.swift"; sourceTree = "<group>"; };
		DFC499522B1ABDC0009F2947 /* CustomIntensityVisualEffectView.swift */ = {isa = PBXFileReference; lastKnownFileType = sourcecode.swift; path = CustomIntensityVisualEffectView.swift; sourceTree = "<group>"; };
		DFC499542B1AC50C009F2947 /* UIWindow+Extensions.swift */ = {isa = PBXFileReference; lastKnownFileType = sourcecode.swift; path = "UIWindow+Extensions.swift"; sourceTree = "<group>"; };
		DFC499562B1AC524009F2947 /* UIScreen+Extensions.swift */ = {isa = PBXFileReference; lastKnownFileType = sourcecode.swift; path = "UIScreen+Extensions.swift"; sourceTree = "<group>"; };
		DFCC2EB32B3DF24500332CF1 /* ZoomableImageView.swift */ = {isa = PBXFileReference; lastKnownFileType = sourcecode.swift; path = ZoomableImageView.swift; sourceTree = "<group>"; };
		DFCC2EB62B3DF4D600332CF1 /* ImagePreviewViewController.swift */ = {isa = PBXFileReference; lastKnownFileType = sourcecode.swift; path = ImagePreviewViewController.swift; sourceTree = "<group>"; };
		DFCD20D82B41FE540096B523 /* Array+Extensions.swift */ = {isa = PBXFileReference; lastKnownFileType = sourcecode.swift; path = "Array+Extensions.swift"; sourceTree = "<group>"; };
		DFCD20DA2B420DF80096B523 /* SingleLineDetailView.swift */ = {isa = PBXFileReference; lastKnownFileType = sourcecode.swift; path = SingleLineDetailView.swift; sourceTree = "<group>"; };
		DFCD20DC2B421A720096B523 /* UIStackView+Extensions.swift */ = {isa = PBXFileReference; lastKnownFileType = sourcecode.swift; path = "UIStackView+Extensions.swift"; sourceTree = "<group>"; };
/* End PBXFileReference section */

/* Begin PBXFrameworksBuildPhase section */
		DFAAFC722A9417830041D986 /* Frameworks */ = {
			isa = PBXFrameworksBuildPhase;
			buildActionMask = 2147483647;
			files = (
				DF18A4892A9E43B6005064DB /* PulseUI in Frameworks */,
				DF3817C62AC6331B00D3153F /* NukeExtensions in Frameworks */,
				DF69D5BB2B252605004A59E4 /* HelperCoders in Frameworks */,
				DF3817C42AC6331B00D3153F /* Nuke in Frameworks */,
				DF18A4872A9E43B6005064DB /* Pulse in Frameworks */,
				DFAAFC912A941CC30041D986 /* Alamofire in Frameworks */,
				DF3817CA2AC6331B00D3153F /* NukeVideo in Frameworks */,
				DF3817C82AC6331B00D3153F /* NukeUI in Frameworks */,
				DF69D5BD2B252605004A59E4 /* MetaCodable in Frameworks */,
				DFBC0F702B2C08D9006018DD /* SnapKit in Frameworks */,
			);
			runOnlyForDeploymentPostprocessing = 0;
		};
/* End PBXFrameworksBuildPhase section */

/* Begin PBXGroup section */
		DF18A47D2A9D6AB8005064DB /* Data */ = {
			isa = PBXGroup;
			children = (
				DF69D5A92B221A73004A59E4 /* Endpoint */,
				DF69D5A82B221A6C004A59E4 /* Service */,
				DF18A47E2A9D6ACD005064DB /* Api */,
			);
			path = Data;
			sourceTree = "<group>";
		};
		DF18A47E2A9D6ACD005064DB /* Api */ = {
			isa = PBXGroup;
			children = (
				DF18A47F2A9D6ADB005064DB /* NetworkError.swift */,
				DF18A4812A9D6D3F005064DB /* AFError+NetworkError.swift */,
				DF18A48A2A9E4546005064DB /* Session+Extensions.swift */,
				DF69D5B12B22255E004A59E4 /* NothingDecodable.swift */,
			);
			path = Api;
			sourceTree = "<group>";
		};
		DF18A48C2A9E4613005064DB /* Debug */ = {
			isa = PBXGroup;
			children = (
				DF18A48D2A9E461C005064DB /* PulseUIView.swift */,
			);
			path = Debug;
			sourceTree = "<group>";
		};
		DF607A8F2B37675F00812393 /* PhotoDetails */ = {
			isa = PBXGroup;
			children = (
				DF607A922B376D1A00812393 /* PhotoDetailsViewController.swift */,
				DF607A942B376D2700812393 /* PhotoDetailsViewModel.swift */,
				DF56F00B2B42301B00F48BEF /* LandmarkAnnotation.swift */,
			);
			path = PhotoDetails;
			sourceTree = "<group>";
		};
		DF69D5A42B1EC929004A59E4 /* Frameworks */ = {
			isa = PBXGroup;
			children = (
			);
			name = Frameworks;
			sourceTree = "<group>";
		};
		DF69D5A82B221A6C004A59E4 /* Service */ = {
			isa = PBXGroup;
			children = (
				DF69D5AC2B221F3D004A59E4 /* PhotosService.swift */,
			);
			path = Service;
			sourceTree = "<group>";
		};
		DF69D5A92B221A73004A59E4 /* Endpoint */ = {
			isa = PBXGroup;
			children = (
				DF18A4832A9D6E80005064DB /* Endpoint.swift */,
				DF69D5AA2B221A8F004A59E4 /* PhotosEndpoint.swift */,
			);
			path = Endpoint;
			sourceTree = "<group>";
		};
		DF69D5AE2B222002004A59E4 /* Model */ = {
			isa = PBXGroup;
			children = (
				DF69D5AF2B222019004A59E4 /* Photo.swift */,
				DF7F1EC02B29060C00319980 /* PagingState.swift */,
			);
			path = Model;
			sourceTree = "<group>";
		};
		DFAAFC6C2A9417820041D986 = {
			isa = PBXGroup;
			children = (
				DFAAFC772A9417830041D986 /* SwiftyGallery */,
				DFAAFC762A9417830041D986 /* Products */,
				DF69D5A42B1EC929004A59E4 /* Frameworks */,
			);
			sourceTree = "<group>";
		};
		DFAAFC762A9417830041D986 /* Products */ = {
			isa = PBXGroup;
			children = (
				DFAAFC752A9417830041D986 /* SwiftyGallery.app */,
			);
			name = Products;
			sourceTree = "<group>";
		};
		DFAAFC772A9417830041D986 /* SwiftyGallery */ = {
			isa = PBXGroup;
			children = (
				DF69D5AE2B222002004A59E4 /* Model */,
				DF18A47D2A9D6AB8005064DB /* Data */,
				DFAAFC922A942A270041D986 /* UI */,
				DFAAFC9D2A942B8D0041D986 /* Utils */,
				DFAAFC782A9417830041D986 /* AppDelegate.swift */,
				DFAAFC7A2A9417830041D986 /* SceneDelegate.swift */,
				DFAAFC842A9417850041D986 /* Assets.xcassets */,
				DFAAFC862A9417850041D986 /* LaunchScreen.storyboard */,
				DFAAFC892A9417850041D986 /* Info.plist */,
				DFAAFC812A9417830041D986 /* SwiftyGallery.xcdatamodeld */,
			);
			path = SwiftyGallery;
			sourceTree = "<group>";
		};
		DFAAFC922A942A270041D986 /* UI */ = {
			isa = PBXGroup;
			children = (
				DFCC2EB52B3DF4C700332CF1 /* ImagePreview */,
				DFC499512B1ABDAD009F2947 /* CustomViews */,
				DF18A48C2A9E4613005064DB /* Debug */,
				DF607A8F2B37675F00812393 /* PhotoDetails */,
				DFAAFC952A942A470041D986 /* Favorites */,
				DFAAFC932A942A2C0041D986 /* Home */,
				DF8FC4002AB7B7A8007AF9A5 /* PhotoCardCell.swift */,
				DF3817BB2AC4EC3700D3153F /* PreviewContainer.swift */,
				DFAAFC962A942A580041D986 /* TabBar */,
				DF607A902B37688000812393 /* TabBarReselectHandler.swift */,
			);
			path = UI;
			sourceTree = "<group>";
		};
		DFAAFC932A942A2C0041D986 /* Home */ = {
			isa = PBXGroup;
			children = (
				DFAAFC972A942A7C0041D986 /* HomeViewController.swift */,
				DF7F1EBA2B264B3A00319980 /* HomeViewModel.swift */,
			);
			path = Home;
			sourceTree = "<group>";
		};
		DFAAFC952A942A470041D986 /* Favorites */ = {
			isa = PBXGroup;
			children = (
				DFAAFC992A942A980041D986 /* FavoritesViewController.swift */,
			);
			path = Favorites;
			sourceTree = "<group>";
		};
		DFAAFC962A942A580041D986 /* TabBar */ = {
			isa = PBXGroup;
			children = (
				DFAAFC7C2A9417830041D986 /* TabBarViewController.swift */,
			);
			path = TabBar;
			sourceTree = "<group>";
		};
		DFAAFC9D2A942B8D0041D986 /* Utils */ = {
			isa = PBXGroup;
			children = (
				DFAAFC9E2A942BA00041D986 /* Extensions */,
			);
			path = Utils;
			sourceTree = "<group>";
		};
		DFAAFC9E2A942BA00041D986 /* Extensions */ = {
			isa = PBXGroup;
			children = (
				DF69D5BE2B253D6B004A59E4 /* JSONDecoder+Extensions.swift */,
				DF7E4B7B2ACA35B700EF29A5 /* UIFont+Extensions.swift */,
				DF7E4B7D2ACA35C000EF29A5 /* UIButton+Extensions.swift */,
				DFC499542B1AC50C009F2947 /* UIWindow+Extensions.swift */,
				DFC499562B1AC524009F2947 /* UIScreen+Extensions.swift */,
				DF69D5B32B23E9ED004A59E4 /* Logger+Extensions.swift */,
				DFAAFC9F2A942BAE0041D986 /* String+Extensions.swift */,
				DFAAFCA12A942C8E0041D986 /* NSMutableAttributedStrings+Extensions.swift */,
				DF7F1EB82B26472800319980 /* UIColor+Extensions.swift */,
				DF7F1EBC2B26515800319980 /* Task+Extensions.swift */,
				DFCD20D82B41FE540096B523 /* Array+Extensions.swift */,
				DFCD20DC2B421A720096B523 /* UIStackView+Extensions.swift */,
			);
			path = Extensions;
			sourceTree = "<group>";
		};
		DFC499512B1ABDAD009F2947 /* CustomViews */ = {
			isa = PBXGroup;
			children = (
				DFC499522B1ABDC0009F2947 /* CustomIntensityVisualEffectView.swift */,
				DFCC2EB32B3DF24500332CF1 /* ZoomableImageView.swift */,
				DFCD20DA2B420DF80096B523 /* SingleLineDetailView.swift */,
			);
			path = CustomViews;
			sourceTree = "<group>";
		};
		DFCC2EB52B3DF4C700332CF1 /* ImagePreview */ = {
			isa = PBXGroup;
			children = (
				DFCC2EB62B3DF4D600332CF1 /* ImagePreviewViewController.swift */,
			);
			path = ImagePreview;
			sourceTree = "<group>";
		};
/* End PBXGroup section */

/* Begin PBXNativeTarget section */
		DFAAFC742A9417830041D986 /* SwiftyGallery */ = {
			isa = PBXNativeTarget;
			buildConfigurationList = DFAAFC8C2A9417850041D986 /* Build configuration list for PBXNativeTarget "SwiftyGallery" */;
			buildPhases = (
				DFAAFC712A9417830041D986 /* Sources */,
				DFAAFC722A9417830041D986 /* Frameworks */,
				DFAAFC732A9417830041D986 /* Resources */,
				DF69D5A32B1EC7E6004A59E4 /* Embed Frameworks */,
			);
			buildRules = (
			);
			dependencies = (
			);
			name = SwiftyGallery;
			packageProductDependencies = (
				DFAAFC902A941CC30041D986 /* Alamofire */,
				DF18A4862A9E43B6005064DB /* Pulse */,
				DF18A4882A9E43B6005064DB /* PulseUI */,
				DF3817C32AC6331B00D3153F /* Nuke */,
				DF3817C52AC6331B00D3153F /* NukeExtensions */,
				DF3817C72AC6331B00D3153F /* NukeUI */,
				DF3817C92AC6331B00D3153F /* NukeVideo */,
				DF69D5BA2B252605004A59E4 /* HelperCoders */,
				DF69D5BC2B252605004A59E4 /* MetaCodable */,
				DFBC0F6F2B2C08D9006018DD /* SnapKit */,
			);
			productName = SwiftyGallery;
			productReference = DFAAFC752A9417830041D986 /* SwiftyGallery.app */;
			productType = "com.apple.product-type.application";
		};
/* End PBXNativeTarget section */

/* Begin PBXProject section */
		DFAAFC6D2A9417820041D986 /* Project object */ = {
			isa = PBXProject;
			attributes = {
				BuildIndependentTargetsInParallel = 1;
				LastSwiftUpdateCheck = 1500;
				LastUpgradeCheck = 1500;
				TargetAttributes = {
					DFAAFC742A9417830041D986 = {
						CreatedOnToolsVersion = 15.0;
					};
				};
			};
			buildConfigurationList = DFAAFC702A9417820041D986 /* Build configuration list for PBXProject "SwiftyGallery" */;
			compatibilityVersion = "Xcode 15.0";
			developmentRegion = en;
			hasScannedForEncodings = 0;
			knownRegions = (
				en,
				Base,
			);
			mainGroup = DFAAFC6C2A9417820041D986;
			packageReferences = (
				DFAAFC8F2A941CC30041D986 /* XCRemoteSwiftPackageReference "Alamofire" */,
				DF18A4852A9E43B6005064DB /* XCRemoteSwiftPackageReference "Pulse" */,
				DF3817C22AC6331B00D3153F /* XCRemoteSwiftPackageReference "Nuke" */,
				DF69D5B92B252605004A59E4 /* XCRemoteSwiftPackageReference "MetaCodable" */,
				DFBC0F6E2B2C08D9006018DD /* XCRemoteSwiftPackageReference "SnapKit" */,
			);
			productRefGroup = DFAAFC762A9417830041D986 /* Products */;
			projectDirPath = "";
			projectRoot = "";
			targets = (
				DFAAFC742A9417830041D986 /* SwiftyGallery */,
			);
		};
/* End PBXProject section */

/* Begin PBXResourcesBuildPhase section */
		DFAAFC732A9417830041D986 /* Resources */ = {
			isa = PBXResourcesBuildPhase;
			buildActionMask = 2147483647;
			files = (
				DFAAFC882A9417850041D986 /* LaunchScreen.storyboard in Resources */,
				DFAAFC852A9417850041D986 /* Assets.xcassets in Resources */,
			);
			runOnlyForDeploymentPostprocessing = 0;
		};
/* End PBXResourcesBuildPhase section */

/* Begin PBXSourcesBuildPhase section */
		DFAAFC712A9417830041D986 /* Sources */ = {
			isa = PBXSourcesBuildPhase;
			buildActionMask = 2147483647;
			files = (
				DF69D5B02B222019004A59E4 /* Photo.swift in Sources */,
				DF18A48E2A9E461C005064DB /* PulseUIView.swift in Sources */,
				DFC499552B1AC50C009F2947 /* UIWindow+Extensions.swift in Sources */,
				DF607A952B376D2700812393 /* PhotoDetailsViewModel.swift in Sources */,
				DFAAFC982A942A7C0041D986 /* HomeViewController.swift in Sources */,
				DF18A48B2A9E4546005064DB /* Session+Extensions.swift in Sources */,
				DF69D5B22B22255E004A59E4 /* NothingDecodable.swift in Sources */,
				DF18A4822A9D6D3F005064DB /* AFError+NetworkError.swift in Sources */,
				DF69D5B42B23E9ED004A59E4 /* Logger+Extensions.swift in Sources */,
				DFCC2EB72B3DF4D600332CF1 /* ImagePreviewViewController.swift in Sources */,
				DFAAFC832A9417830041D986 /* SwiftyGallery.xcdatamodeld in Sources */,
				DFAAFC7D2A9417830041D986 /* TabBarViewController.swift in Sources */,
				DF3817BC2AC4EC3700D3153F /* PreviewContainer.swift in Sources */,
				DF7F1EB92B26472800319980 /* UIColor+Extensions.swift in Sources */,
				DF69D5AD2B221F3D004A59E4 /* PhotosService.swift in Sources */,
				DFC499532B1ABDC0009F2947 /* CustomIntensityVisualEffectView.swift in Sources */,
				DF7F1EBB2B264B3A00319980 /* HomeViewModel.swift in Sources */,
				DFAAFCA02A942BAE0041D986 /* String+Extensions.swift in Sources */,
				DF69D5AB2B221A8F004A59E4 /* PhotosEndpoint.swift in Sources */,
				DFCD20D92B41FE540096B523 /* Array+Extensions.swift in Sources */,
				DF69D5BF2B253D6B004A59E4 /* JSONDecoder+Extensions.swift in Sources */,
				DFCD20DD2B421A720096B523 /* UIStackView+Extensions.swift in Sources */,
				DF8FC4012AB7B7A8007AF9A5 /* PhotoCardCell.swift in Sources */,
				DF56F00C2B42301B00F48BEF /* LandmarkAnnotation.swift in Sources */,
				DFAAFC792A9417830041D986 /* AppDelegate.swift in Sources */,
				DF607A932B376D1A00812393 /* PhotoDetailsViewController.swift in Sources */,
				DFCD20DB2B420DF80096B523 /* SingleLineDetailView.swift in Sources */,
				DFAAFC9A2A942A980041D986 /* FavoritesViewController.swift in Sources */,
				DF7F1EBD2B26515800319980 /* Task+Extensions.swift in Sources */,
				DFAAFCA22A942C8E0041D986 /* NSMutableAttributedStrings+Extensions.swift in Sources */,
				DF7E4B7E2ACA35C000EF29A5 /* UIButton+Extensions.swift in Sources */,
				DFAAFC7B2A9417830041D986 /* SceneDelegate.swift in Sources */,
				DF7E4B7C2ACA35B700EF29A5 /* UIFont+Extensions.swift in Sources */,
				DF18A4842A9D6E80005064DB /* Endpoint.swift in Sources */,
				DFCC2EB42B3DF24500332CF1 /* ZoomableImageView.swift in Sources */,
				DF7F1EC12B29060C00319980 /* PagingState.swift in Sources */,
				DF18A4802A9D6ADB005064DB /* NetworkError.swift in Sources */,
				DFC499572B1AC524009F2947 /* UIScreen+Extensions.swift in Sources */,
				DF607A912B37688000812393 /* TabBarReselectHandler.swift in Sources */,
			);
			runOnlyForDeploymentPostprocessing = 0;
		};
/* End PBXSourcesBuildPhase section */

/* Begin PBXVariantGroup section */
		DFAAFC862A9417850041D986 /* LaunchScreen.storyboard */ = {
			isa = PBXVariantGroup;
			children = (
				DFAAFC872A9417850041D986 /* Base */,
			);
			name = LaunchScreen.storyboard;
			sourceTree = "<group>";
		};
/* End PBXVariantGroup section */

/* Begin XCBuildConfiguration section */
		DFAAFC8A2A9417850041D986 /* Debug */ = {
			isa = XCBuildConfiguration;
			buildSettings = {
				ALWAYS_SEARCH_USER_PATHS = NO;
				ASSETCATALOG_COMPILER_GENERATE_SWIFT_ASSET_SYMBOL_EXTENSIONS = YES;
				CLANG_ANALYZER_NONNULL = YES;
				CLANG_ANALYZER_NUMBER_OBJECT_CONVERSION = YES_AGGRESSIVE;
				CLANG_CXX_LANGUAGE_STANDARD = "gnu++20";
				CLANG_ENABLE_MODULES = YES;
				CLANG_ENABLE_OBJC_ARC = YES;
				CLANG_ENABLE_OBJC_WEAK = YES;
				CLANG_WARN_BLOCK_CAPTURE_AUTORELEASING = YES;
				CLANG_WARN_BOOL_CONVERSION = YES;
				CLANG_WARN_COMMA = YES;
				CLANG_WARN_CONSTANT_CONVERSION = YES;
				CLANG_WARN_DEPRECATED_OBJC_IMPLEMENTATIONS = YES;
				CLANG_WARN_DIRECT_OBJC_ISA_USAGE = YES_ERROR;
				CLANG_WARN_DOCUMENTATION_COMMENTS = YES;
				CLANG_WARN_EMPTY_BODY = YES;
				CLANG_WARN_ENUM_CONVERSION = YES;
				CLANG_WARN_INFINITE_RECURSION = YES;
				CLANG_WARN_INT_CONVERSION = YES;
				CLANG_WARN_NON_LITERAL_NULL_CONVERSION = YES;
				CLANG_WARN_OBJC_IMPLICIT_RETAIN_SELF = YES;
				CLANG_WARN_OBJC_LITERAL_CONVERSION = YES;
				CLANG_WARN_OBJC_ROOT_CLASS = YES_ERROR;
				CLANG_WARN_QUOTED_INCLUDE_IN_FRAMEWORK_HEADER = YES;
				CLANG_WARN_RANGE_LOOP_ANALYSIS = YES;
				CLANG_WARN_STRICT_PROTOTYPES = YES;
				CLANG_WARN_SUSPICIOUS_MOVE = YES;
				CLANG_WARN_UNGUARDED_AVAILABILITY = YES_AGGRESSIVE;
				CLANG_WARN_UNREACHABLE_CODE = YES;
				CLANG_WARN__DUPLICATE_METHOD_MATCH = YES;
				COPY_PHASE_STRIP = NO;
				DEBUG_INFORMATION_FORMAT = dwarf;
				ENABLE_STRICT_OBJC_MSGSEND = YES;
				ENABLE_TESTABILITY = YES;
				ENABLE_USER_SCRIPT_SANDBOXING = YES;
				GCC_C_LANGUAGE_STANDARD = gnu17;
				GCC_DYNAMIC_NO_PIC = NO;
				GCC_NO_COMMON_BLOCKS = YES;
				GCC_OPTIMIZATION_LEVEL = 0;
				GCC_PREPROCESSOR_DEFINITIONS = (
					"DEBUG=1",
					"$(inherited)",
				);
				GCC_WARN_64_TO_32_BIT_CONVERSION = YES;
				GCC_WARN_ABOUT_RETURN_TYPE = YES_ERROR;
				GCC_WARN_UNDECLARED_SELECTOR = YES;
				GCC_WARN_UNINITIALIZED_AUTOS = YES_AGGRESSIVE;
				GCC_WARN_UNUSED_FUNCTION = YES;
				GCC_WARN_UNUSED_VARIABLE = YES;
				IPHONEOS_DEPLOYMENT_TARGET = 15.0;
				LOCALIZATION_PREFERS_STRING_CATALOGS = YES;
				MTL_ENABLE_DEBUG_INFO = INCLUDE_SOURCE;
				MTL_FAST_MATH = YES;
				ONLY_ACTIVE_ARCH = YES;
				SDKROOT = iphoneos;
				SWIFT_ACTIVE_COMPILATION_CONDITIONS = "DEBUG $(inherited)";
				SWIFT_OPTIMIZATION_LEVEL = "-Onone";
			};
			name = Debug;
		};
		DFAAFC8B2A9417850041D986 /* Release */ = {
			isa = XCBuildConfiguration;
			buildSettings = {
				ALWAYS_SEARCH_USER_PATHS = NO;
				ASSETCATALOG_COMPILER_GENERATE_SWIFT_ASSET_SYMBOL_EXTENSIONS = YES;
				CLANG_ANALYZER_NONNULL = YES;
				CLANG_ANALYZER_NUMBER_OBJECT_CONVERSION = YES_AGGRESSIVE;
				CLANG_CXX_LANGUAGE_STANDARD = "gnu++20";
				CLANG_ENABLE_MODULES = YES;
				CLANG_ENABLE_OBJC_ARC = YES;
				CLANG_ENABLE_OBJC_WEAK = YES;
				CLANG_WARN_BLOCK_CAPTURE_AUTORELEASING = YES;
				CLANG_WARN_BOOL_CONVERSION = YES;
				CLANG_WARN_COMMA = YES;
				CLANG_WARN_CONSTANT_CONVERSION = YES;
				CLANG_WARN_DEPRECATED_OBJC_IMPLEMENTATIONS = YES;
				CLANG_WARN_DIRECT_OBJC_ISA_USAGE = YES_ERROR;
				CLANG_WARN_DOCUMENTATION_COMMENTS = YES;
				CLANG_WARN_EMPTY_BODY = YES;
				CLANG_WARN_ENUM_CONVERSION = YES;
				CLANG_WARN_INFINITE_RECURSION = YES;
				CLANG_WARN_INT_CONVERSION = YES;
				CLANG_WARN_NON_LITERAL_NULL_CONVERSION = YES;
				CLANG_WARN_OBJC_IMPLICIT_RETAIN_SELF = YES;
				CLANG_WARN_OBJC_LITERAL_CONVERSION = YES;
				CLANG_WARN_OBJC_ROOT_CLASS = YES_ERROR;
				CLANG_WARN_QUOTED_INCLUDE_IN_FRAMEWORK_HEADER = YES;
				CLANG_WARN_RANGE_LOOP_ANALYSIS = YES;
				CLANG_WARN_STRICT_PROTOTYPES = YES;
				CLANG_WARN_SUSPICIOUS_MOVE = YES;
				CLANG_WARN_UNGUARDED_AVAILABILITY = YES_AGGRESSIVE;
				CLANG_WARN_UNREACHABLE_CODE = YES;
				CLANG_WARN__DUPLICATE_METHOD_MATCH = YES;
				COPY_PHASE_STRIP = NO;
				DEBUG_INFORMATION_FORMAT = "dwarf-with-dsym";
				ENABLE_NS_ASSERTIONS = NO;
				ENABLE_STRICT_OBJC_MSGSEND = YES;
				ENABLE_USER_SCRIPT_SANDBOXING = YES;
				GCC_C_LANGUAGE_STANDARD = gnu17;
				GCC_NO_COMMON_BLOCKS = YES;
				GCC_WARN_64_TO_32_BIT_CONVERSION = YES;
				GCC_WARN_ABOUT_RETURN_TYPE = YES_ERROR;
				GCC_WARN_UNDECLARED_SELECTOR = YES;
				GCC_WARN_UNINITIALIZED_AUTOS = YES_AGGRESSIVE;
				GCC_WARN_UNUSED_FUNCTION = YES;
				GCC_WARN_UNUSED_VARIABLE = YES;
				IPHONEOS_DEPLOYMENT_TARGET = 15.0;
				LOCALIZATION_PREFERS_STRING_CATALOGS = YES;
				MTL_ENABLE_DEBUG_INFO = NO;
				MTL_FAST_MATH = YES;
				SDKROOT = iphoneos;
				SWIFT_COMPILATION_MODE = wholemodule;
				VALIDATE_PRODUCT = YES;
			};
			name = Release;
		};
		DFAAFC8D2A9417850041D986 /* Debug */ = {
			isa = XCBuildConfiguration;
			buildSettings = {
				ASSETCATALOG_COMPILER_APPICON_NAME = AppIcon;
				ASSETCATALOG_COMPILER_GLOBAL_ACCENT_COLOR_NAME = AccentColor;
				CODE_SIGN_IDENTITY = "Apple Development";
				CODE_SIGN_STYLE = Automatic;
				CURRENT_PROJECT_VERSION = 1;
				DEVELOPMENT_TEAM = 273582M6R3;
				GENERATE_INFOPLIST_FILE = YES;
				INFOPLIST_FILE = SwiftyGallery/Info.plist;
				INFOPLIST_KEY_UIApplicationSupportsIndirectInputEvents = YES;
				INFOPLIST_KEY_UILaunchStoryboardName = LaunchScreen;
				INFOPLIST_KEY_UISupportedInterfaceOrientations_iPad = "UIInterfaceOrientationPortrait UIInterfaceOrientationPortraitUpsideDown UIInterfaceOrientationLandscapeLeft UIInterfaceOrientationLandscapeRight";
				INFOPLIST_KEY_UISupportedInterfaceOrientations_iPhone = "UIInterfaceOrientationPortrait UIInterfaceOrientationLandscapeLeft UIInterfaceOrientationLandscapeRight";
				IPHONEOS_DEPLOYMENT_TARGET = 15.0;
				LD_RUNPATH_SEARCH_PATHS = (
					"$(inherited)",
					"@executable_path/Frameworks",
				);
				MARKETING_VERSION = 1.0;
				PRODUCT_BUNDLE_IDENTIFIER = io.github.leeonardoo.SwiftyGallery;
				PRODUCT_NAME = "$(TARGET_NAME)";
				PROVISIONING_PROFILE_SPECIFIER = "";
				SWIFT_EMIT_LOC_STRINGS = YES;
				SWIFT_VERSION = 5.0;
				TARGETED_DEVICE_FAMILY = "1,2";
			};
			name = Debug;
		};
		DFAAFC8E2A9417850041D986 /* Release */ = {
			isa = XCBuildConfiguration;
			buildSettings = {
				ASSETCATALOG_COMPILER_APPICON_NAME = AppIcon;
				ASSETCATALOG_COMPILER_GLOBAL_ACCENT_COLOR_NAME = AccentColor;
				CODE_SIGN_IDENTITY = "Apple Development";
				CODE_SIGN_STYLE = Automatic;
				CURRENT_PROJECT_VERSION = 1;
				DEVELOPMENT_TEAM = 273582M6R3;
				GENERATE_INFOPLIST_FILE = YES;
				INFOPLIST_FILE = SwiftyGallery/Info.plist;
				INFOPLIST_KEY_UIApplicationSupportsIndirectInputEvents = YES;
				INFOPLIST_KEY_UILaunchStoryboardName = LaunchScreen;
				INFOPLIST_KEY_UISupportedInterfaceOrientations_iPad = "UIInterfaceOrientationPortrait UIInterfaceOrientationPortraitUpsideDown UIInterfaceOrientationLandscapeLeft UIInterfaceOrientationLandscapeRight";
				INFOPLIST_KEY_UISupportedInterfaceOrientations_iPhone = "UIInterfaceOrientationPortrait UIInterfaceOrientationLandscapeLeft UIInterfaceOrientationLandscapeRight";
				IPHONEOS_DEPLOYMENT_TARGET = 15.0;
				LD_RUNPATH_SEARCH_PATHS = (
					"$(inherited)",
					"@executable_path/Frameworks",
				);
				MARKETING_VERSION = 1.0;
				PRODUCT_BUNDLE_IDENTIFIER = io.github.leeonardoo.SwiftyGallery;
				PRODUCT_NAME = "$(TARGET_NAME)";
				PROVISIONING_PROFILE_SPECIFIER = "";
				SWIFT_EMIT_LOC_STRINGS = YES;
				SWIFT_VERSION = 5.0;
				TARGETED_DEVICE_FAMILY = "1,2";
			};
			name = Release;
		};
/* End XCBuildConfiguration section */

/* Begin XCConfigurationList section */
		DFAAFC702A9417820041D986 /* Build configuration list for PBXProject "SwiftyGallery" */ = {
			isa = XCConfigurationList;
			buildConfigurations = (
				DFAAFC8A2A9417850041D986 /* Debug */,
				DFAAFC8B2A9417850041D986 /* Release */,
			);
			defaultConfigurationIsVisible = 0;
			defaultConfigurationName = Release;
		};
		DFAAFC8C2A9417850041D986 /* Build configuration list for PBXNativeTarget "SwiftyGallery" */ = {
			isa = XCConfigurationList;
			buildConfigurations = (
				DFAAFC8D2A9417850041D986 /* Debug */,
				DFAAFC8E2A9417850041D986 /* Release */,
			);
			defaultConfigurationIsVisible = 0;
			defaultConfigurationName = Release;
		};
/* End XCConfigurationList section */

/* Begin XCRemoteSwiftPackageReference section */
		DF18A4852A9E43B6005064DB /* XCRemoteSwiftPackageReference "Pulse" */ = {
			isa = XCRemoteSwiftPackageReference;
			repositoryURL = "https://github.com/kean/Pulse";
			requirement = {
				kind = upToNextMajorVersion;
				minimumVersion = 4.0.3;
			};
		};
		DF3817C22AC6331B00D3153F /* XCRemoteSwiftPackageReference "Nuke" */ = {
			isa = XCRemoteSwiftPackageReference;
			repositoryURL = "https://github.com/kean/Nuke";
			requirement = {
				kind = upToNextMajorVersion;
				minimumVersion = 12.1.6;
			};
		};
		DF69D5B92B252605004A59E4 /* XCRemoteSwiftPackageReference "MetaCodable" */ = {
			isa = XCRemoteSwiftPackageReference;
			repositoryURL = "https://github.com/SwiftyLab/MetaCodable.git";
			requirement = {
				kind = upToNextMajorVersion;
				minimumVersion = 1.0.0;
			};
		};
		DFAAFC8F2A941CC30041D986 /* XCRemoteSwiftPackageReference "Alamofire" */ = {
			isa = XCRemoteSwiftPackageReference;
			repositoryURL = "https://github.com/Alamofire/Alamofire.git";
			requirement = {
				kind = upToNextMajorVersion;
				minimumVersion = 5.7.1;
			};
		};
		DFBC0F6E2B2C08D9006018DD /* XCRemoteSwiftPackageReference "SnapKit" */ = {
			isa = XCRemoteSwiftPackageReference;
			repositoryURL = "https://github.com/SnapKit/SnapKit.git";
			requirement = {
				kind = upToNextMajorVersion;
				minimumVersion = 5.6.0;
			};
		};
/* End XCRemoteSwiftPackageReference section */

/* Begin XCSwiftPackageProductDependency section */
		DF18A4862A9E43B6005064DB /* Pulse */ = {
			isa = XCSwiftPackageProductDependency;
			package = DF18A4852A9E43B6005064DB /* XCRemoteSwiftPackageReference "Pulse" */;
			productName = Pulse;
		};
		DF18A4882A9E43B6005064DB /* PulseUI */ = {
			isa = XCSwiftPackageProductDependency;
			package = DF18A4852A9E43B6005064DB /* XCRemoteSwiftPackageReference "Pulse" */;
			productName = PulseUI;
		};
		DF3817C32AC6331B00D3153F /* Nuke */ = {
			isa = XCSwiftPackageProductDependency;
			package = DF3817C22AC6331B00D3153F /* XCRemoteSwiftPackageReference "Nuke" */;
			productName = Nuke;
		};
		DF3817C52AC6331B00D3153F /* NukeExtensions */ = {
			isa = XCSwiftPackageProductDependency;
			package = DF3817C22AC6331B00D3153F /* XCRemoteSwiftPackageReference "Nuke" */;
			productName = NukeExtensions;
		};
		DF3817C72AC6331B00D3153F /* NukeUI */ = {
			isa = XCSwiftPackageProductDependency;
			package = DF3817C22AC6331B00D3153F /* XCRemoteSwiftPackageReference "Nuke" */;
			productName = NukeUI;
		};
		DF3817C92AC6331B00D3153F /* NukeVideo */ = {
			isa = XCSwiftPackageProductDependency;
			package = DF3817C22AC6331B00D3153F /* XCRemoteSwiftPackageReference "Nuke" */;
			productName = NukeVideo;
		};
		DF69D5BA2B252605004A59E4 /* HelperCoders */ = {
			isa = XCSwiftPackageProductDependency;
			package = DF69D5B92B252605004A59E4 /* XCRemoteSwiftPackageReference "MetaCodable" */;
			productName = HelperCoders;
		};
		DF69D5BC2B252605004A59E4 /* MetaCodable */ = {
			isa = XCSwiftPackageProductDependency;
			package = DF69D5B92B252605004A59E4 /* XCRemoteSwiftPackageReference "MetaCodable" */;
			productName = MetaCodable;
		};
		DFAAFC902A941CC30041D986 /* Alamofire */ = {
			isa = XCSwiftPackageProductDependency;
			package = DFAAFC8F2A941CC30041D986 /* XCRemoteSwiftPackageReference "Alamofire" */;
			productName = Alamofire;
		};
		DFBC0F6F2B2C08D9006018DD /* SnapKit */ = {
			isa = XCSwiftPackageProductDependency;
			package = DFBC0F6E2B2C08D9006018DD /* XCRemoteSwiftPackageReference "SnapKit" */;
			productName = SnapKit;
		};
/* End XCSwiftPackageProductDependency section */

/* Begin XCVersionGroup section */
		DFAAFC812A9417830041D986 /* SwiftyGallery.xcdatamodeld */ = {
			isa = XCVersionGroup;
			children = (
				DFAAFC822A9417830041D986 /* SwiftyGallery.xcdatamodel */,
			);
			currentVersion = DFAAFC822A9417830041D986 /* SwiftyGallery.xcdatamodel */;
			path = SwiftyGallery.xcdatamodeld;
			sourceTree = "<group>";
			versionGroupType = wrapper.xcdatamodel;
		};
/* End XCVersionGroup section */
	};
	rootObject = DFAAFC6D2A9417820041D986 /* Project object */;
}
